
Microsoft Visual Studio Solution File, Format Version 12.00
# Visual Studio Version 16
VisualStudioVersion = 16.0.30709.132
MinimumVisualStudioVersion = 10.0.40219.1
Project("{FAE04EC0-301F-11D3-BF4B-00C04F79EFBC}") = "GeneratePowerPoint", "GeneratePowerPoint.csproj", "{6DF46981-CA89-4E0A-A9B4-1848AAAE540E}"
EndProject
Global
	GlobalSection(SolutionConfigurationPlatforms) = preSolution
		Debug|Any CPU = Debug|Any CPU
		Release|Any CPU = Release|Any CPU
	EndGlobalSection
	GlobalSection(ProjectConfigurationPlatforms) = postSolution
		{6DF46981-CA89-4E0A-A9B4-1848AAAE540E}.Debug|Any CPU.ActiveCfg = Debug|Any CPU
		{6DF46981-CA89-4E0A-A9B4-1848AAAE540E}.Debug|Any CPU.Build.0 = Debug|Any CPU
		{6DF46981-CA89-4E0A-A9B4-1848AAAE540E}.Release|Any CPU.ActiveCfg = Release|Any CPU
		{6DF46981-CA89-4E0A-A9B4-1848AAAE540E}.Release|Any CPU.Build.0 = Release|Any CPU
	EndGlobalSection
	GlobalSection(SolutionProperties) = preSolution
		HideSolutionNode = FALSE
	EndGlobalSection
	GlobalSection(ExtensibilityGlobals) = postSolution
		SolutionGuid = {30B440A7-14B7-41B3-8620-C637E7267D76}
	EndGlobalSection
EndGlobal
